
Microsoft Visual Studio Solution File, Format Version 12.00
# Visual Studio 14
VisualStudioVersion = 14.0.25123.0
MinimumVisualStudioVersion = 10.0.40219.1
Project("{2150E333-8FDC-42A3-9474-1A3956D46DE8}") = "src", "src", "{1FCF55D7-02C4-471C-8CF9-7E945428A854}"
EndProject
Project("{2150E333-8FDC-42A3-9474-1A3956D46DE8}") = "Solution Items", "Solution Items", "{82F2E87C-25C0-4C05-B30B-5E26F4D5B6F8}"
	ProjectSection(SolutionItems) = preProject
		global.json = global.json
	EndProjectSection
EndProject
Project("{8BB2217D-0F2D-49D1-97BC-3654ED321F3B}") = "SugarTracker.Web", "src\SugarTracker.Web\SugarTracker.Web.xproj", "{C2594A91-2DF9-48E0-A296-C458795AE2B4}"
EndProject
Global
	GlobalSection(SolutionConfigurationPlatforms) = preSolution
		Debug|Any CPU = Debug|Any CPU
		Release|Any CPU = Release|Any CPU
	EndGlobalSection
	GlobalSection(ProjectConfigurationPlatforms) = postSolution
		{C2594A91-2DF9-48E0-A296-C458795AE2B4}.Debug|Any CPU.ActiveCfg = Debug|Any CPU
		{C2594A91-2DF9-48E0-A296-C458795AE2B4}.Debug|Any CPU.Build.0 = Debug|Any CPU
		{C2594A91-2DF9-48E0-A296-C458795AE2B4}.Release|Any CPU.ActiveCfg = Release|Any CPU
		{C2594A91-2DF9-48E0-A296-C458795AE2B4}.Release|Any CPU.Build.0 = Release|Any CPU
	EndGlobalSection
	GlobalSection(SolutionProperties) = preSolution
		HideSolutionNode = FALSE
	EndGlobalSection
	GlobalSection(NestedProjects) = preSolution
		{C2594A91-2DF9-48E0-A296-C458795AE2B4} = {1FCF55D7-02C4-471C-8CF9-7E945428A854}
	EndGlobalSection
EndGlobal
